<Solution>
  <Configurations>
    <Platform Name="Any CPU" />
    <Platform Name="x64" />
    <Platform Name="x86" />
  </Configurations>
  <Folder Name="/src/">
    <Project Path="src/razor-pages-demo/razor-pages-demo.csproj" />
    <Project Path="src/RazorTailwind.DesignSystem/RazorTailwind.DesignSystem.csproj" />
  </Folder>
</Solution>
